
Microsoft Visual Studio Solution File, Format Version 12.00
# Visual Studio 15
VisualStudioVersion = 15.0.28010.2016
MinimumVisualStudioVersion = 10.0.40219.1
Project("{FAE04EC0-301F-11D3-BF4B-00C04F79EFBC}") = "VeteransTrackerApp", "VeteransTrackerApp\VeteransTrackerApp.csproj", "{E97C2334-238B-43DF-AF77-472E35CEE4D6}"
EndProject
Global
	GlobalSection(SolutionConfigurationPlatforms) = preSolution
		Debug|Any CPU = Debug|Any CPU
		Release|Any CPU = Release|Any CPU
	EndGlobalSection
	GlobalSection(ProjectConfigurationPlatforms) = postSolution
		{E97C2334-238B-43DF-AF77-472E35CEE4D6}.Debug|Any CPU.ActiveCfg = Debug|Any CPU
		{E97C2334-238B-43DF-AF77-472E35CEE4D6}.Debug|Any CPU.Build.0 = Debug|Any CPU
		{E97C2334-238B-43DF-AF77-472E35CEE4D6}.Release|Any CPU.ActiveCfg = Release|Any CPU
		{E97C2334-238B-43DF-AF77-472E35CEE4D6}.Release|Any CPU.Build.0 = Release|Any CPU
	EndGlobalSection
	GlobalSection(SolutionProperties) = preSolution
		HideSolutionNode = FALSE
	EndGlobalSection
	GlobalSection(ExtensibilityGlobals) = postSolution
		SolutionGuid = {3E76A94C-81E6-48C0-8908-DE7208F1F704}
	EndGlobalSection
EndGlobal
